
Microsoft Visual Studio Solution File, Format Version 12.00
# Visual Studio Version 17
VisualStudioVersion = 17.6.33829.357
MinimumVisualStudioVersion = 10.0.40219.1
Project("{FAE04EC0-301F-11D3-BF4B-00C04F79EFBC}") = "SerilogDemo1.Server", "Server\SerilogDemo1.Server.csproj", "{22C0BD0A-8F90-458A-A2A4-97A25D19279B}"
EndProject
Project("{FAE04EC0-301F-11D3-BF4B-00C04F79EFBC}") = "SerilogDemo1.Client", "Client\SerilogDemo1.Client.csproj", "{5C4658CC-B32B-4EBE-91C7-8A90B2AB98D0}"
EndProject
Project("{FAE04EC0-301F-11D3-BF4B-00C04F79EFBC}") = "SerilogDemo1.Shared", "Shared\SerilogDemo1.Shared.csproj", "{8A7FDEBB-F21F-479F-B41A-FF6AD2CD11B2}"
EndProject
Global
	GlobalSection(SolutionConfigurationPlatforms) = preSolution
		Debug|Any CPU = Debug|Any CPU
		Release|Any CPU = Release|Any CPU
	EndGlobalSection
	GlobalSection(ProjectConfigurationPlatforms) = postSolution
		{22C0BD0A-8F90-458A-A2A4-97A25D19279B}.Debug|Any CPU.ActiveCfg = Debug|Any CPU
		{22C0BD0A-8F90-458A-A2A4-97A25D19279B}.Debug|Any CPU.Build.0 = Debug|Any CPU
		{22C0BD0A-8F90-458A-A2A4-97A25D19279B}.Release|Any CPU.ActiveCfg = Release|Any CPU
		{22C0BD0A-8F90-458A-A2A4-97A25D19279B}.Release|Any CPU.Build.0 = Release|Any CPU
		{5C4658CC-B32B-4EBE-91C7-8A90B2AB98D0}.Debug|Any CPU.ActiveCfg = Debug|Any CPU
		{5C4658CC-B32B-4EBE-91C7-8A90B2AB98D0}.Debug|Any CPU.Build.0 = Debug|Any CPU
		{5C4658CC-B32B-4EBE-91C7-8A90B2AB98D0}.Release|Any CPU.ActiveCfg = Release|Any CPU
		{5C4658CC-B32B-4EBE-91C7-8A90B2AB98D0}.Release|Any CPU.Build.0 = Release|Any CPU
		{8A7FDEBB-F21F-479F-B41A-FF6AD2CD11B2}.Debug|Any CPU.ActiveCfg = Debug|Any CPU
		{8A7FDEBB-F21F-479F-B41A-FF6AD2CD11B2}.Debug|Any CPU.Build.0 = Debug|Any CPU
		{8A7FDEBB-F21F-479F-B41A-FF6AD2CD11B2}.Release|Any CPU.ActiveCfg = Release|Any CPU
		{8A7FDEBB-F21F-479F-B41A-FF6AD2CD11B2}.Release|Any CPU.Build.0 = Release|Any CPU
	EndGlobalSection
	GlobalSection(SolutionProperties) = preSolution
		HideSolutionNode = FALSE
	EndGlobalSection
	GlobalSection(ExtensibilityGlobals) = postSolution
		SolutionGuid = {2168FF23-3449-4AB3-9CA9-E87CFB358FB4}
	EndGlobalSection
EndGlobal
